
Microsoft Visual Studio Solution File, Format Version 12.00
# Visual Studio 2013
VisualStudioVersion = 12.0.40629.0
MinimumVisualStudioVersion = 10.0.40219.1
Project("{FAE04EC0-301F-11D3-BF4B-00C04F79EFBC}") = "3rdBit", "3rdBit\3rdBit.csproj", "{0D1D0F38-A132-4D07-92BE-B47B3C38F973}"
EndProject
Project("{FAE04EC0-301F-11D3-BF4B-00C04F79EFBC}") = "Age", "Age\Age.csproj", "{733421F1-0DD3-4367-A160-222F3BAA8991}"
EndProject
Project("{FAE04EC0-301F-11D3-BF4B-00C04F79EFBC}") = "BitExchange", "BitExchange\BitExchange.csproj", "{99212FE5-09D7-4B5C-8216-C67D7CE22DDC}"
EndProject
Project("{FAE04EC0-301F-11D3-BF4B-00C04F79EFBC}") = "BitSwap", "BitSwap\BitSwap.csproj", "{72E18340-4155-4B0F-BFA1-7B200360955C}"
EndProject
Project("{FAE04EC0-301F-11D3-BF4B-00C04F79EFBC}") = "Comparing Floats", "Comparing Floats\Comparing Floats.csproj", "{07FD9658-AD42-4900-AAC8-807B65C1ABCF}"
EndProject
Project("{FAE04EC0-301F-11D3-BF4B-00C04F79EFBC}") = "DivideBy7And5", "DivideBy7And5\DivideBy7And5.csproj", "{EAA6C31F-EB27-4351-81D4-A14402BB5FCC}"
EndProject
Project("{FAE04EC0-301F-11D3-BF4B-00C04F79EFBC}") = "First and Last Name", "First and Last Name\First and Last Name.csproj", "{C34A24A5-BECD-4E81-81B7-B721239441F3}"
EndProject
Project("{FAE04EC0-301F-11D3-BF4B-00C04F79EFBC}") = "Format Code", "Format Code\Format Code.csproj", "{085D383F-8868-48F5-803B-CB1EB0BDEBFE}"
EndProject
Project("{FAE04EC0-301F-11D3-BF4B-00C04F79EFBC}") = "FourDigits", "FourDigits\FourDigits.csproj", "{3B117B37-1918-4759-A337-6F021731961F}"
EndProject
Project("{FAE04EC0-301F-11D3-BF4B-00C04F79EFBC}") = "ModifyBit", "ModifyBit\ModifyBit.csproj", "{9C1E654D-7856-490C-BDE1-0009C1A56C90}"
EndProject
Project("{FAE04EC0-301F-11D3-BF4B-00C04F79EFBC}") = "MoonGravity", "MoonGravity\MoonGravity.csproj", "{B0AA5288-5C06-4797-8A31-3C2CED8E9944}"
EndProject
Project("{FAE04EC0-301F-11D3-BF4B-00C04F79EFBC}") = "NthBit", "NthBit\NthBit.csproj", "{1D09AF8D-058D-4820-A51F-1FBED176EA97}"
EndProject
Project("{FAE04EC0-301F-11D3-BF4B-00C04F79EFBC}") = "OddOrEven", "OddOrEven\OddOrEven.csproj", "{3C7BCFD4-1DBC-4F60-98F9-B7A9C8CDA219}"
EndProject
Project("{FAE04EC0-301F-11D3-BF4B-00C04F79EFBC}") = "PointCircleRectangle", "PointCircleRectangle\PointCircleRectangle.csproj", "{EF06DA25-03AD-4C3B-B6C9-2E991C6D6C61}"
EndProject
Project("{FAE04EC0-301F-11D3-BF4B-00C04F79EFBC}") = "PointInACircle", "PointInACircle\PointInACircle.csproj", "{E4191C9D-B86B-4178-B297-94EBBDC4777C}"
EndProject
Project("{FAE04EC0-301F-11D3-BF4B-00C04F79EFBC}") = "PrimeCheck", "PrimeCheck\PrimeCheck.csproj", "{DD8D0871-8F2A-4F0A-8467-C72F062990D5}"
EndProject
Project("{FAE04EC0-301F-11D3-BF4B-00C04F79EFBC}") = "Print the ASCII Table", "Print the ASCII Table\Print the ASCII Table.csproj", "{46E2A6BD-9090-4612-8532-9DBB7C18C4F4}"
EndProject
Project("{FAE04EC0-301F-11D3-BF4B-00C04F79EFBC}") = "Quotes in Strings", "Quotes in Strings\Quotes in Strings.csproj", "{30C2AFE6-43AA-4DC1-BC09-3B6A12D76F00}"
EndProject
Project("{FAE04EC0-301F-11D3-BF4B-00C04F79EFBC}") = "Rectangles", "Rectangles\Rectangles.csproj", "{E96017E5-8488-42B9-8B1D-A72B2F4D80BE}"
EndProject
Project("{FAE04EC0-301F-11D3-BF4B-00C04F79EFBC}") = "ThirdDigit", "ThirdDigit\ThirdDigit.csproj", "{7530B054-7B5E-4087-9742-7A7B0CF303FA}"
EndProject
Project("{FAE04EC0-301F-11D3-BF4B-00C04F79EFBC}") = "Trapezoids", "Trapezoids\Trapezoids.csproj", "{BF3EE09E-4343-44F1-AA8C-0EA1D3EA0EBA}"
EndProject
Project("{FAE04EC0-301F-11D3-BF4B-00C04F79EFBC}") = "SumOf3Numbers", "SumOf3Numbers\SumOf3Numbers.csproj", "{1A0AD4D8-07B3-4CA6-AA2C-3A21A73E7C19}"
EndProject
Project("{FAE04EC0-301F-11D3-BF4B-00C04F79EFBC}") = "CompanyInfo", "CompanyInfo\CompanyInfo.csproj", "{EA263179-6CDE-4EA6-BDB9-24388C3784E9}"
EndProject
Project("{FAE04EC0-301F-11D3-BF4B-00C04F79EFBC}") = "Circle", "Circle\Circle.csproj", "{6F0CBC9E-5C64-498E-8E46-9937411A6E15}"
EndProject
Project("{FAE04EC0-301F-11D3-BF4B-00C04F79EFBC}") = "NumbersComparer", "NumbersComparer\NumbersComparer.csproj", "{8F8B9E43-2E53-4563-8F01-B747A911A774}"
EndProject
Project("{FAE04EC0-301F-11D3-BF4B-00C04F79EFBC}") = "QuadraticEquation", "QuadraticEquation\QuadraticEquation.csproj", "{F50E5EDF-07BF-4142-BFB5-13B28D91FB42}"
EndProject
Project("{FAE04EC0-301F-11D3-BF4B-00C04F79EFBC}") = "SumOf5Numbers", "SumOf5Numbers\SumOf5Numbers.csproj", "{76BAA0A3-BF52-410E-A3E7-8B31309441B7}"
EndProject
Project("{FAE04EC0-301F-11D3-BF4B-00C04F79EFBC}") = "NumbersFrom1toN", "NumbersFrom1toN\NumbersFrom1toN.csproj", "{960DC00B-9BCC-44B1-81C9-C68D67DE1A33}"
EndProject
Project("{FAE04EC0-301F-11D3-BF4B-00C04F79EFBC}") = "SumOfNNumbers", "SumOfNNumbers\SumOfNNumbers.csproj", "{17C46FF3-A60B-4BE9-8D4A-B5E98BF65D61}"
EndProject
Project("{FAE04EC0-301F-11D3-BF4B-00C04F79EFBC}") = "FibonacciNumbers", "FibonacciNumbers\FibonacciNumbers.csproj", "{ECA728DC-7B7A-4385-AE4B-19AB610140F1}"
EndProject
Project("{FAE04EC0-301F-11D3-BF4B-00C04F79EFBC}") = "Interval", "Interval\Interval.csproj", "{F004AD0B-F57C-4395-AA46-19A42B7D50B7}"
EndProject
Project("{FAE04EC0-301F-11D3-BF4B-00C04F79EFBC}") = "ExchangeIfGreater", "ExchangeIfGreater\ExchangeIfGreater.csproj", "{7626348D-06DD-4F6C-8149-7D375D389703}"
EndProject
Project("{FAE04EC0-301F-11D3-BF4B-00C04F79EFBC}") = "BonusScore", "BonusScore\BonusScore.csproj", "{CEE7A140-9FA2-497D-B4ED-86BE72CB2B5E}"
EndProject
Project("{FAE04EC0-301F-11D3-BF4B-00C04F79EFBC}") = "PlayCard", "PlayCard\PlayCard.csproj", "{703DA885-583C-40EB-B472-B51E8D97E31A}"
EndProject
Project("{FAE04EC0-301F-11D3-BF4B-00C04F79EFBC}") = "MultiplicationSign", "MultiplicationSign\MultiplicationSign.csproj", "{8F25801C-7952-4D13-ACFA-FA43160B1482}"
EndProject
Project("{FAE04EC0-301F-11D3-BF4B-00C04F79EFBC}") = "BiggestOf3", "BiggestOf3\BiggestOf3.csproj", "{784E249E-B83D-4559-BB15-9410F2174539}"
EndProject
Project("{FAE04EC0-301F-11D3-BF4B-00C04F79EFBC}") = "BiggestOf5", "BiggestOf5\BiggestOf5.csproj", "{5F7B1CAF-5E3F-4F56-BECC-BBE8D477BBA5}"
EndProject
Project("{FAE04EC0-301F-11D3-BF4B-00C04F79EFBC}") = "Sort3Numbers", "Sort3Numbers\Sort3Numbers.csproj", "{97CB9350-7867-4F5F-A626-57E1D1FF0E3A}"
EndProject
Project("{FAE04EC0-301F-11D3-BF4B-00C04F79EFBC}") = "DigitAsWord", "DigitAsWord\DigitAsWord.csproj", "{1D53CC00-6E51-4680-B672-8F0AE095D0F5}"
EndProject
Project("{FAE04EC0-301F-11D3-BF4B-00C04F79EFBC}") = "IntDoubleString", "IntDoubleString\IntDoubleString.csproj", "{671B3826-CF60-4F27-8967-2A544E719CF0}"
EndProject
Project("{FAE04EC0-301F-11D3-BF4B-00C04F79EFBC}") = "NumsFrom1ToN", "NumsFrom1ToN\NumsFrom1ToN.csproj", "{774357BC-F713-42F4-85FB-ED2B3534D767}"
EndProject
Project("{FAE04EC0-301F-11D3-BF4B-00C04F79EFBC}") = "NotDivisibleNumbers", "NotDivisibleNumbers\NotDivisibleNumbers.csproj", "{1546C781-6A82-4DC2-B32C-0EF012BCA1AC}"
EndProject
Project("{FAE04EC0-301F-11D3-BF4B-00C04F79EFBC}") = "MMSAOfNNumbers", "MMSAOfNNumbers\MMSAOfNNumbers.csproj", "{C4C0A8FD-0269-47B7-8206-1DE5AD5974ED}"
EndProject
Project("{FAE04EC0-301F-11D3-BF4B-00C04F79EFBC}") = "PrintADeck", "PrintADeck\PrintADeck.csproj", "{D51DE0C5-154A-4CE6-9C61-7E338DDDF308}"
EndProject
Global
	GlobalSection(SolutionConfigurationPlatforms) = preSolution
		Debug|Any CPU = Debug|Any CPU
		Release|Any CPU = Release|Any CPU
	EndGlobalSection
	GlobalSection(ProjectConfigurationPlatforms) = postSolution
		{0D1D0F38-A132-4D07-92BE-B47B3C38F973}.Debug|Any CPU.ActiveCfg = Debug|Any CPU
		{0D1D0F38-A132-4D07-92BE-B47B3C38F973}.Debug|Any CPU.Build.0 = Debug|Any CPU
		{0D1D0F38-A132-4D07-92BE-B47B3C38F973}.Release|Any CPU.ActiveCfg = Release|Any CPU
		{0D1D0F38-A132-4D07-92BE-B47B3C38F973}.Release|Any CPU.Build.0 = Release|Any CPU
		{733421F1-0DD3-4367-A160-222F3BAA8991}.Debug|Any CPU.ActiveCfg = Debug|Any CPU
		{733421F1-0DD3-4367-A160-222F3BAA8991}.Debug|Any CPU.Build.0 = Debug|Any CPU
		{733421F1-0DD3-4367-A160-222F3BAA8991}.Release|Any CPU.ActiveCfg = Release|Any CPU
		{733421F1-0DD3-4367-A160-222F3BAA8991}.Release|Any CPU.Build.0 = Release|Any CPU
		{99212FE5-09D7-4B5C-8216-C67D7CE22DDC}.Debug|Any CPU.ActiveCfg = Debug|Any CPU
		{99212FE5-09D7-4B5C-8216-C67D7CE22DDC}.Debug|Any CPU.Build.0 = Debug|Any CPU
		{99212FE5-09D7-4B5C-8216-C67D7CE22DDC}.Release|Any CPU.ActiveCfg = Release|Any CPU
		{99212FE5-09D7-4B5C-8216-C67D7CE22DDC}.Release|Any CPU.Build.0 = Release|Any CPU
		{72E18340-4155-4B0F-BFA1-7B200360955C}.Debug|Any CPU.ActiveCfg = Debug|Any CPU
		{72E18340-4155-4B0F-BFA1-7B200360955C}.Debug|Any CPU.Build.0 = Debug|Any CPU
		{72E18340-4155-4B0F-BFA1-7B200360955C}.Release|Any CPU.ActiveCfg = Release|Any CPU
		{72E18340-4155-4B0F-BFA1-7B200360955C}.Release|Any CPU.Build.0 = Release|Any CPU
		{07FD9658-AD42-4900-AAC8-807B65C1ABCF}.Debug|Any CPU.ActiveCfg = Debug|Any CPU
		{07FD9658-AD42-4900-AAC8-807B65C1ABCF}.Debug|Any CPU.Build.0 = Debug|Any CPU
		{07FD9658-AD42-4900-AAC8-807B65C1ABCF}.Release|Any CPU.ActiveCfg = Release|Any CPU
		{07FD9658-AD42-4900-AAC8-807B65C1ABCF}.Release|Any CPU.Build.0 = Release|Any CPU
		{EAA6C31F-EB27-4351-81D4-A14402BB5FCC}.Debug|Any CPU.ActiveCfg = Debug|Any CPU
		{EAA6C31F-EB27-4351-81D4-A14402BB5FCC}.Debug|Any CPU.Build.0 = Debug|Any CPU
		{EAA6C31F-EB27-4351-81D4-A14402BB5FCC}.Release|Any CPU.ActiveCfg = Release|Any CPU
		{EAA6C31F-EB27-4351-81D4-A14402BB5FCC}.Release|Any CPU.Build.0 = Release|Any CPU
		{C34A24A5-BECD-4E81-81B7-B721239441F3}.Debug|Any CPU.ActiveCfg = Debug|Any CPU
		{C34A24A5-BECD-4E81-81B7-B721239441F3}.Debug|Any CPU.Build.0 = Debug|Any CPU
		{C34A24A5-BECD-4E81-81B7-B721239441F3}.Release|Any CPU.ActiveCfg = Release|Any CPU
		{C34A24A5-BECD-4E81-81B7-B721239441F3}.Release|Any CPU.Build.0 = Release|Any CPU
		{085D383F-8868-48F5-803B-CB1EB0BDEBFE}.Debug|Any CPU.ActiveCfg = Debug|Any CPU
		{085D383F-8868-48F5-803B-CB1EB0BDEBFE}.Debug|Any CPU.Build.0 = Debug|Any CPU
		{085D383F-8868-48F5-803B-CB1EB0BDEBFE}.Release|Any CPU.ActiveCfg = Release|Any CPU
		{085D383F-8868-48F5-803B-CB1EB0BDEBFE}.Release|Any CPU.Build.0 = Release|Any CPU
		{3B117B37-1918-4759-A337-6F021731961F}.Debug|Any CPU.ActiveCfg = Debug|Any CPU
		{3B117B37-1918-4759-A337-6F021731961F}.Debug|Any CPU.Build.0 = Debug|Any CPU
		{3B117B37-1918-4759-A337-6F021731961F}.Release|Any CPU.ActiveCfg = Release|Any CPU
		{3B117B37-1918-4759-A337-6F021731961F}.Release|Any CPU.Build.0 = Release|Any CPU
		{9C1E654D-7856-490C-BDE1-0009C1A56C90}.Debug|Any CPU.ActiveCfg = Debug|Any CPU
		{9C1E654D-7856-490C-BDE1-0009C1A56C90}.Debug|Any CPU.Build.0 = Debug|Any CPU
		{9C1E654D-7856-490C-BDE1-0009C1A56C90}.Release|Any CPU.ActiveCfg = Release|Any CPU
		{9C1E654D-7856-490C-BDE1-0009C1A56C90}.Release|Any CPU.Build.0 = Release|Any CPU
		{B0AA5288-5C06-4797-8A31-3C2CED8E9944}.Debug|Any CPU.ActiveCfg = Debug|Any CPU
		{B0AA5288-5C06-4797-8A31-3C2CED8E9944}.Debug|Any CPU.Build.0 = Debug|Any CPU
		{B0AA5288-5C06-4797-8A31-3C2CED8E9944}.Release|Any CPU.ActiveCfg = Release|Any CPU
		{B0AA5288-5C06-4797-8A31-3C2CED8E9944}.Release|Any CPU.Build.0 = Release|Any CPU
		{1D09AF8D-058D-4820-A51F-1FBED176EA97}.Debug|Any CPU.ActiveCfg = Debug|Any CPU
		{1D09AF8D-058D-4820-A51F-1FBED176EA97}.Debug|Any CPU.Build.0 = Debug|Any CPU
		{1D09AF8D-058D-4820-A51F-1FBED176EA97}.Release|Any CPU.ActiveCfg = Release|Any CPU
		{1D09AF8D-058D-4820-A51F-1FBED176EA97}.Release|Any CPU.Build.0 = Release|Any CPU
		{3C7BCFD4-1DBC-4F60-98F9-B7A9C8CDA219}.Debug|Any CPU.ActiveCfg = Debug|Any CPU
		{3C7BCFD4-1DBC-4F60-98F9-B7A9C8CDA219}.Debug|Any CPU.Build.0 = Debug|Any CPU
		{3C7BCFD4-1DBC-4F60-98F9-B7A9C8CDA219}.Release|Any CPU.ActiveCfg = Release|Any CPU
		{3C7BCFD4-1DBC-4F60-98F9-B7A9C8CDA219}.Release|Any CPU.Build.0 = Release|Any CPU
		{EF06DA25-03AD-4C3B-B6C9-2E991C6D6C61}.Debug|Any CPU.ActiveCfg = Debug|Any CPU
		{EF06DA25-03AD-4C3B-B6C9-2E991C6D6C61}.Debug|Any CPU.Build.0 = Debug|Any CPU
		{EF06DA25-03AD-4C3B-B6C9-2E991C6D6C61}.Release|Any CPU.ActiveCfg = Release|Any CPU
		{EF06DA25-03AD-4C3B-B6C9-2E991C6D6C61}.Release|Any CPU.Build.0 = Release|Any CPU
		{E4191C9D-B86B-4178-B297-94EBBDC4777C}.Debug|Any CPU.ActiveCfg = Debug|Any CPU
		{E4191C9D-B86B-4178-B297-94EBBDC4777C}.Debug|Any CPU.Build.0 = Debug|Any CPU
		{E4191C9D-B86B-4178-B297-94EBBDC4777C}.Release|Any CPU.ActiveCfg = Release|Any CPU
		{E4191C9D-B86B-4178-B297-94EBBDC4777C}.Release|Any CPU.Build.0 = Release|Any CPU
		{DD8D0871-8F2A-4F0A-8467-C72F062990D5}.Debug|Any CPU.ActiveCfg = Debug|Any CPU
		{DD8D0871-8F2A-4F0A-8467-C72F062990D5}.Debug|Any CPU.Build.0 = Debug|Any CPU
		{DD8D0871-8F2A-4F0A-8467-C72F062990D5}.Release|Any CPU.ActiveCfg = Release|Any CPU
		{DD8D0871-8F2A-4F0A-8467-C72F062990D5}.Release|Any CPU.Build.0 = Release|Any CPU
		{46E2A6BD-9090-4612-8532-9DBB7C18C4F4}.Debug|Any CPU.ActiveCfg = Debug|Any CPU
		{46E2A6BD-9090-4612-8532-9DBB7C18C4F4}.Debug|Any CPU.Build.0 = Debug|Any CPU
		{46E2A6BD-9090-4612-8532-9DBB7C18C4F4}.Release|Any CPU.ActiveCfg = Release|Any CPU
		{46E2A6BD-9090-4612-8532-9DBB7C18C4F4}.Release|Any CPU.Build.0 = Release|Any CPU
		{30C2AFE6-43AA-4DC1-BC09-3B6A12D76F00}.Debug|Any CPU.ActiveCfg = Debug|Any CPU
		{30C2AFE6-43AA-4DC1-BC09-3B6A12D76F00}.Debug|Any CPU.Build.0 = Debug|Any CPU
		{30C2AFE6-43AA-4DC1-BC09-3B6A12D76F00}.Release|Any CPU.ActiveCfg = Release|Any CPU
		{30C2AFE6-43AA-4DC1-BC09-3B6A12D76F00}.Release|Any CPU.Build.0 = Release|Any CPU
		{E96017E5-8488-42B9-8B1D-A72B2F4D80BE}.Debug|Any CPU.ActiveCfg = Debug|Any CPU
		{E96017E5-8488-42B9-8B1D-A72B2F4D80BE}.Debug|Any CPU.Build.0 = Debug|Any CPU
		{E96017E5-8488-42B9-8B1D-A72B2F4D80BE}.Release|Any CPU.ActiveCfg = Release|Any CPU
		{E96017E5-8488-42B9-8B1D-A72B2F4D80BE}.Release|Any CPU.Build.0 = Release|Any CPU
		{7530B054-7B5E-4087-9742-7A7B0CF303FA}.Debug|Any CPU.ActiveCfg = Debug|Any CPU
		{7530B054-7B5E-4087-9742-7A7B0CF303FA}.Debug|Any CPU.Build.0 = Debug|Any CPU
		{7530B054-7B5E-4087-9742-7A7B0CF303FA}.Release|Any CPU.ActiveCfg = Release|Any CPU
		{7530B054-7B5E-4087-9742-7A7B0CF303FA}.Release|Any CPU.Build.0 = Release|Any CPU
		{BF3EE09E-4343-44F1-AA8C-0EA1D3EA0EBA}.Debug|Any CPU.ActiveCfg = Debug|Any CPU
		{BF3EE09E-4343-44F1-AA8C-0EA1D3EA0EBA}.Debug|Any CPU.Build.0 = Debug|Any CPU
		{BF3EE09E-4343-44F1-AA8C-0EA1D3EA0EBA}.Release|Any CPU.ActiveCfg = Release|Any CPU
		{BF3EE09E-4343-44F1-AA8C-0EA1D3EA0EBA}.Release|Any CPU.Build.0 = Release|Any CPU
		{1A0AD4D8-07B3-4CA6-AA2C-3A21A73E7C19}.Debug|Any CPU.ActiveCfg = Debug|Any CPU
		{1A0AD4D8-07B3-4CA6-AA2C-3A21A73E7C19}.Debug|Any CPU.Build.0 = Debug|Any CPU
		{1A0AD4D8-07B3-4CA6-AA2C-3A21A73E7C19}.Release|Any CPU.ActiveCfg = Release|Any CPU
		{1A0AD4D8-07B3-4CA6-AA2C-3A21A73E7C19}.Release|Any CPU.Build.0 = Release|Any CPU
		{EA263179-6CDE-4EA6-BDB9-24388C3784E9}.Debug|Any CPU.ActiveCfg = Debug|Any CPU
		{EA263179-6CDE-4EA6-BDB9-24388C3784E9}.Debug|Any CPU.Build.0 = Debug|Any CPU
		{EA263179-6CDE-4EA6-BDB9-24388C3784E9}.Release|Any CPU.ActiveCfg = Release|Any CPU
		{EA263179-6CDE-4EA6-BDB9-24388C3784E9}.Release|Any CPU.Build.0 = Release|Any CPU
		{6F0CBC9E-5C64-498E-8E46-9937411A6E15}.Debug|Any CPU.ActiveCfg = Debug|Any CPU
		{6F0CBC9E-5C64-498E-8E46-9937411A6E15}.Debug|Any CPU.Build.0 = Debug|Any CPU
		{6F0CBC9E-5C64-498E-8E46-9937411A6E15}.Release|Any CPU.ActiveCfg = Release|Any CPU
		{6F0CBC9E-5C64-498E-8E46-9937411A6E15}.Release|Any CPU.Build.0 = Release|Any CPU
		{8F8B9E43-2E53-4563-8F01-B747A911A774}.Debug|Any CPU.ActiveCfg = Debug|Any CPU
		{8F8B9E43-2E53-4563-8F01-B747A911A774}.Debug|Any CPU.Build.0 = Debug|Any CPU
		{8F8B9E43-2E53-4563-8F01-B747A911A774}.Release|Any CPU.ActiveCfg = Release|Any CPU
		{8F8B9E43-2E53-4563-8F01-B747A911A774}.Release|Any CPU.Build.0 = Release|Any CPU
		{F50E5EDF-07BF-4142-BFB5-13B28D91FB42}.Debug|Any CPU.ActiveCfg = Debug|Any CPU
		{F50E5EDF-07BF-4142-BFB5-13B28D91FB42}.Debug|Any CPU.Build.0 = Debug|Any CPU
		{F50E5EDF-07BF-4142-BFB5-13B28D91FB42}.Release|Any CPU.ActiveCfg = Release|Any CPU
		{F50E5EDF-07BF-4142-BFB5-13B28D91FB42}.Release|Any CPU.Build.0 = Release|Any CPU
		{76BAA0A3-BF52-410E-A3E7-8B31309441B7}.Debug|Any CPU.ActiveCfg = Debug|Any CPU
		{76BAA0A3-BF52-410E-A3E7-8B31309441B7}.Debug|Any CPU.Build.0 = Debug|Any CPU
		{76BAA0A3-BF52-410E-A3E7-8B31309441B7}.Release|Any CPU.ActiveCfg = Release|Any CPU
		{76BAA0A3-BF52-410E-A3E7-8B31309441B7}.Release|Any CPU.Build.0 = Release|Any CPU
		{960DC00B-9BCC-44B1-81C9-C68D67DE1A33}.Debug|Any CPU.ActiveCfg = Debug|Any CPU
		{960DC00B-9BCC-44B1-81C9-C68D67DE1A33}.Debug|Any CPU.Build.0 = Debug|Any CPU
		{960DC00B-9BCC-44B1-81C9-C68D67DE1A33}.Release|Any CPU.ActiveCfg = Release|Any CPU
		{960DC00B-9BCC-44B1-81C9-C68D67DE1A33}.Release|Any CPU.Build.0 = Release|Any CPU
		{17C46FF3-A60B-4BE9-8D4A-B5E98BF65D61}.Debug|Any CPU.ActiveCfg = Debug|Any CPU
		{17C46FF3-A60B-4BE9-8D4A-B5E98BF65D61}.Debug|Any CPU.Build.0 = Debug|Any CPU
		{17C46FF3-A60B-4BE9-8D4A-B5E98BF65D61}.Release|Any CPU.ActiveCfg = Release|Any CPU
		{17C46FF3-A60B-4BE9-8D4A-B5E98BF65D61}.Release|Any CPU.Build.0 = Release|Any CPU
		{ECA728DC-7B7A-4385-AE4B-19AB610140F1}.Debug|Any CPU.ActiveCfg = Debug|Any CPU
		{ECA728DC-7B7A-4385-AE4B-19AB610140F1}.Debug|Any CPU.Build.0 = Debug|Any CPU
		{ECA728DC-7B7A-4385-AE4B-19AB610140F1}.Release|Any CPU.ActiveCfg = Release|Any CPU
		{ECA728DC-7B7A-4385-AE4B-19AB610140F1}.Release|Any CPU.Build.0 = Release|Any CPU
		{F004AD0B-F57C-4395-AA46-19A42B7D50B7}.Debug|Any CPU.ActiveCfg = Debug|Any CPU
		{F004AD0B-F57C-4395-AA46-19A42B7D50B7}.Debug|Any CPU.Build.0 = Debug|Any CPU
		{F004AD0B-F57C-4395-AA46-19A42B7D50B7}.Release|Any CPU.ActiveCfg = Release|Any CPU
		{F004AD0B-F57C-4395-AA46-19A42B7D50B7}.Release|Any CPU.Build.0 = Release|Any CPU
		{7626348D-06DD-4F6C-8149-7D375D389703}.Debug|Any CPU.ActiveCfg = Debug|Any CPU
		{7626348D-06DD-4F6C-8149-7D375D389703}.Debug|Any CPU.Build.0 = Debug|Any CPU
		{7626348D-06DD-4F6C-8149-7D375D389703}.Release|Any CPU.ActiveCfg = Release|Any CPU
		{7626348D-06DD-4F6C-8149-7D375D389703}.Release|Any CPU.Build.0 = Release|Any CPU
		{CEE7A140-9FA2-497D-B4ED-86BE72CB2B5E}.Debug|Any CPU.ActiveCfg = Debug|Any CPU
		{CEE7A140-9FA2-497D-B4ED-86BE72CB2B5E}.Debug|Any CPU.Build.0 = Debug|Any CPU
		{CEE7A140-9FA2-497D-B4ED-86BE72CB2B5E}.Release|Any CPU.ActiveCfg = Release|Any CPU
		{CEE7A140-9FA2-497D-B4ED-86BE72CB2B5E}.Release|Any CPU.Build.0 = Release|Any CPU
		{703DA885-583C-40EB-B472-B51E8D97E31A}.Debug|Any CPU.ActiveCfg = Debug|Any CPU
		{703DA885-583C-40EB-B472-B51E8D97E31A}.Debug|Any CPU.Build.0 = Debug|Any CPU
		{703DA885-583C-40EB-B472-B51E8D97E31A}.Release|Any CPU.ActiveCfg = Release|Any CPU
		{703DA885-583C-40EB-B472-B51E8D97E31A}.Release|Any CPU.Build.0 = Release|Any CPU
		{8F25801C-7952-4D13-ACFA-FA43160B1482}.Debug|Any CPU.ActiveCfg = Debug|Any CPU
		{8F25801C-7952-4D13-ACFA-FA43160B1482}.Debug|Any CPU.Build.0 = Debug|Any CPU
		{8F25801C-7952-4D13-ACFA-FA43160B1482}.Release|Any CPU.ActiveCfg = Release|Any CPU
		{8F25801C-7952-4D13-ACFA-FA43160B1482}.Release|Any CPU.Build.0 = Release|Any CPU
		{784E249E-B83D-4559-BB15-9410F2174539}.Debug|Any CPU.ActiveCfg = Debug|Any CPU
		{784E249E-B83D-4559-BB15-9410F2174539}.Debug|Any CPU.Build.0 = Debug|Any CPU
		{784E249E-B83D-4559-BB15-9410F2174539}.Release|Any CPU.ActiveCfg = Release|Any CPU
		{784E249E-B83D-4559-BB15-9410F2174539}.Release|Any CPU.Build.0 = Release|Any CPU
		{5F7B1CAF-5E3F-4F56-BECC-BBE8D477BBA5}.Debug|Any CPU.ActiveCfg = Debug|Any CPU
		{5F7B1CAF-5E3F-4F56-BECC-BBE8D477BBA5}.Debug|Any CPU.Build.0 = Debug|Any CPU
		{5F7B1CAF-5E3F-4F56-BECC-BBE8D477BBA5}.Release|Any CPU.ActiveCfg = Release|Any CPU
		{5F7B1CAF-5E3F-4F56-BECC-BBE8D477BBA5}.Release|Any CPU.Build.0 = Release|Any CPU
		{97CB9350-7867-4F5F-A626-57E1D1FF0E3A}.Debug|Any CPU.ActiveCfg = Debug|Any CPU
		{97CB9350-7867-4F5F-A626-57E1D1FF0E3A}.Debug|Any CPU.Build.0 = Debug|Any CPU
		{97CB9350-7867-4F5F-A626-57E1D1FF0E3A}.Release|Any CPU.ActiveCfg = Release|Any CPU
		{97CB9350-7867-4F5F-A626-57E1D1FF0E3A}.Release|Any CPU.Build.0 = Release|Any CPU
		{1D53CC00-6E51-4680-B672-8F0AE095D0F5}.Debug|Any CPU.ActiveCfg = Debug|Any CPU
		{1D53CC00-6E51-4680-B672-8F0AE095D0F5}.Debug|Any CPU.Build.0 = Debug|Any CPU
		{1D53CC00-6E51-4680-B672-8F0AE095D0F5}.Release|Any CPU.ActiveCfg = Release|Any CPU
		{1D53CC00-6E51-4680-B672-8F0AE095D0F5}.Release|Any CPU.Build.0 = Release|Any CPU
		{671B3826-CF60-4F27-8967-2A544E719CF0}.Debug|Any CPU.ActiveCfg = Debug|Any CPU
		{671B3826-CF60-4F27-8967-2A544E719CF0}.Debug|Any CPU.Build.0 = Debug|Any CPU
		{671B3826-CF60-4F27-8967-2A544E719CF0}.Release|Any CPU.ActiveCfg = Release|Any CPU
		{671B3826-CF60-4F27-8967-2A544E719CF0}.Release|Any CPU.Build.0 = Release|Any CPU
		{774357BC-F713-42F4-85FB-ED2B3534D767}.Debug|Any CPU.ActiveCfg = Debug|Any CPU
		{774357BC-F713-42F4-85FB-ED2B3534D767}.Debug|Any CPU.Build.0 = Debug|Any CPU
		{774357BC-F713-42F4-85FB-ED2B3534D767}.Release|Any CPU.ActiveCfg = Release|Any CPU
		{774357BC-F713-42F4-85FB-ED2B3534D767}.Release|Any CPU.Build.0 = Release|Any CPU
		{1546C781-6A82-4DC2-B32C-0EF012BCA1AC}.Debug|Any CPU.ActiveCfg = Debug|Any CPU
		{1546C781-6A82-4DC2-B32C-0EF012BCA1AC}.Debug|Any CPU.Build.0 = Debug|Any CPU
		{1546C781-6A82-4DC2-B32C-0EF012BCA1AC}.Release|Any CPU.ActiveCfg = Release|Any CPU
		{1546C781-6A82-4DC2-B32C-0EF012BCA1AC}.Release|Any CPU.Build.0 = Release|Any CPU
		{C4C0A8FD-0269-47B7-8206-1DE5AD5974ED}.Debug|Any CPU.ActiveCfg = Debug|Any CPU
		{C4C0A8FD-0269-47B7-8206-1DE5AD5974ED}.Debug|Any CPU.Build.0 = Debug|Any CPU
		{C4C0A8FD-0269-47B7-8206-1DE5AD5974ED}.Release|Any CPU.ActiveCfg = Release|Any CPU
		{C4C0A8FD-0269-47B7-8206-1DE5AD5974ED}.Release|Any CPU.Build.0 = Release|Any CPU
		{D51DE0C5-154A-4CE6-9C61-7E338DDDF308}.Debug|Any CPU.ActiveCfg = Debug|Any CPU
		{D51DE0C5-154A-4CE6-9C61-7E338DDDF308}.Debug|Any CPU.Build.0 = Debug|Any CPU
		{D51DE0C5-154A-4CE6-9C61-7E338DDDF308}.Release|Any CPU.ActiveCfg = Release|Any CPU
		{D51DE0C5-154A-4CE6-9C61-7E338DDDF308}.Release|Any CPU.Build.0 = Release|Any CPU
	EndGlobalSection
	GlobalSection(SolutionProperties) = preSolution
		HideSolutionNode = FALSE
	EndGlobalSection
EndGlobal
